{
  "name": "new",
  "version": "1.0.0",
  "lockfileVersion": 1,
  "requires": true,
  "dependencies": {
    "@sweet-js/helpers": {
      "version": "4.0.1",
      "resolved": "https://registry.npmjs.org/@sweet-js/helpers/-/helpers-4.0.1.tgz",
      "integrity": "sha512-qUkR+GklY31dS8Kvv7LLLYPe2cAeGESIfjzt731RQ0dXruS79AmRgA7BmGHnf1hdf+lekzyvVmNMJPijou5xdA=="
    }
  }
}
