# THIS IS AN AUTOGENERATED FILE. DO NOT EDIT THIS FILE DIRECTLY.
# yarn lockfile v1


git-diff-parser@^1.0.0:
  version "1.0.0"
  resolved "https://registry.yarnpkg.com/git-diff-parser/-/git-diff-parser-1.0.0.tgz#0a4ecb09388f3dbae92e1f5f73554142ebc11498"
  integrity sha512-m6I3x7Amb759jXYDITS8M8GfdxV636ni2zV2/RrGtEMuH3CD45hbTFsTaVtmYsTsIQ3x7jibsOcFOqJvP6ptxg==

lodash@^4.17.15:
  version "4.17.15"
  resolved "https://registry.yarnpkg.com/lodash/-/lodash-4.17.15.tgz#b447f6670a0455bbfeedd11392eff330ea097548"
  integrity sha512-8xOcRHvCjnocdS5cpwXQXVzmmh5e5+saE2QGoeQmbKmRS6J3VQppPOIt0MnmE+4xlZoumy0GPG0D0MVIQbNA1A==

parse-diff@^0.7.0:
  version "0.7.0"
  resolved "https://registry.yarnpkg.com/parse-diff/-/parse-diff-0.7.0.tgz#f11128d3aa02381b46ebc8320b470c2c327e67dc"
  integrity sha512-88ar4IU2Fx+KgiyvVul0Y+YprMArTgLscO0nEKaEvWvhzRSSYefdf1M9PUmpx1pu5crUoVl2QNDMqjxfCeKptQ==
