{
  "name": "abstract-interpreter",
  "version": "1.0.0",
  "lockfileVersion": 1,
  "requires": true,
  "dependencies": {
    "acorn": {
      "version": "7.1.0",
      "resolved": "https://registry.npmjs.org/acorn/-/acorn-7.1.0.tgz",
      "integrity": "sha512-kL5CuoXA/dgxlBbVrflsflzQ3PAas7RYZB52NOm/6839iVYJgKMJ3cQJD+t2i5+qFa8h3MDpEOJiS64E8JLnSQ=="
    },
    "acorn-walk": {
      "version": "7.0.0",
      "resolved": "https://registry.npmjs.org/acorn-walk/-/acorn-walk-7.0.0.tgz",
      "integrity": "sha512-7Bv1We7ZGuU79zZbb6rRqcpxo3OY+zrdtloZWoyD8fmGX+FeXRjE+iuGkZjSXLVovLzrsvMGMy0EkwA0E0umxg=="
    },
    "fluent-compose": {
      "version": "0.0.1",
      "resolved": "https://registry.npmjs.org/fluent-compose/-/fluent-compose-0.0.1.tgz",
      "integrity": "sha1-AqRxyHHqlrm+xecwF0wwukLP66k=",
      "requires": {
        "lodash": "^4.17.4"
      }
    },
    "lodash": {
      "version": "4.17.15",
      "resolved": "https://registry.npmjs.org/lodash/-/lodash-4.17.15.tgz",
      "integrity": "sha512-8xOcRHvCjnocdS5cpwXQXVzmmh5e5+saE2QGoeQmbKmRS6J3VQppPOIt0MnmE+4xlZoumy0GPG0D0MVIQbNA1A=="
    },
    "zaphod": {
      "version": "0.2.1",
      "resolved": "https://registry.npmjs.org/zaphod/-/zaphod-0.2.1.tgz",
      "integrity": "sha1-MZO/ZqLN+2tKKUNRKUfZAvEbQns="
    }
  }
}
