# This file is automatically @generated by Cargo.
# It is not intended for manual editing.
version = 4

[[package]]
name = "clojure-stub"
version = "0.0.1"
dependencies = [
 "microlang",
]

[[package]]
name = "microlang"
version = "0.0.1"

[[package]]
name = "scheme"
version = "0.0.1"
dependencies = [
 "microlang",
]
